
Microsoft Visual Studio Solution File, Format Version 12.00
# Visual Studio 15
VisualStudioVersion = 15.0.27004.2002
MinimumVisualStudioVersion = 10.0.40219.1
Project("{FAE04EC0-301F-11D3-BF4B-00C04F79EFBC}") = "Currency Apps", "Currency Apps\Currency Apps.csproj", "{E706B3ED-9002-4B97-A7AE-B6602B27E43F}"
EndProject
Global
	GlobalSection(SolutionConfigurationPlatforms) = preSolution
		Debug|Any CPU = Debug|Any CPU
		Release|Any CPU = Release|Any CPU
	EndGlobalSection
	GlobalSection(ProjectConfigurationPlatforms) = postSolution
		{E706B3ED-9002-4B97-A7AE-B6602B27E43F}.Debug|Any CPU.ActiveCfg = Debug|Any CPU
		{E706B3ED-9002-4B97-A7AE-B6602B27E43F}.Debug|Any CPU.Build.0 = Debug|Any CPU
		{E706B3ED-9002-4B97-A7AE-B6602B27E43F}.Release|Any CPU.ActiveCfg = Release|Any CPU
		{E706B3ED-9002-4B97-A7AE-B6602B27E43F}.Release|Any CPU.Build.0 = Release|Any CPU
	EndGlobalSection
	GlobalSection(SolutionProperties) = preSolution
		HideSolutionNode = FALSE
	EndGlobalSection
	GlobalSection(ExtensibilityGlobals) = postSolution
		SolutionGuid = {C9DB9662-4C79-46B5-9430-44C73BF8B923}
	EndGlobalSection
EndGlobal
